
Microsoft Visual Studio Solution File, Format Version 12.00
# Visual Studio Version 16
VisualStudioVersion = 16.0.808.5
MinimumVisualStudioVersion = 10.0.40219.1
Project("{FAE04EC0-301F-11D3-BF4B-00C04F79EFBC}") = "PhotoMosaicMaker", "PhotoMosaicMaker\PhotoMosaicMaker.csproj", "{2F04EEBC-6CBB-42BE-95BA-2795192B9BB1}"
EndProject
Project("{FAE04EC0-301F-11D3-BF4B-00C04F79EFBC}") = "PhotoMosaicMakerTests", "PhotoMosaicMakerTests\PhotoMosaicMakerTests.csproj", "{0268715A-7586-4495-AC31-7EF6A550EE4B}"
EndProject
Global
	GlobalSection(SolutionConfigurationPlatforms) = preSolution
		Debug|Any CPU = Debug|Any CPU
		Release|Any CPU = Release|Any CPU
	EndGlobalSection
	GlobalSection(ProjectConfigurationPlatforms) = postSolution
		{2F04EEBC-6CBB-42BE-95BA-2795192B9BB1}.Debug|Any CPU.ActiveCfg = Debug|Any CPU
		{2F04EEBC-6CBB-42BE-95BA-2795192B9BB1}.Debug|Any CPU.Build.0 = Debug|Any CPU
		{2F04EEBC-6CBB-42BE-95BA-2795192B9BB1}.Release|Any CPU.ActiveCfg = Release|Any CPU
		{2F04EEBC-6CBB-42BE-95BA-2795192B9BB1}.Release|Any CPU.Build.0 = Release|Any CPU
		{0268715A-7586-4495-AC31-7EF6A550EE4B}.Debug|Any CPU.ActiveCfg = Debug|Any CPU
		{0268715A-7586-4495-AC31-7EF6A550EE4B}.Debug|Any CPU.Build.0 = Debug|Any CPU
		{0268715A-7586-4495-AC31-7EF6A550EE4B}.Release|Any CPU.ActiveCfg = Release|Any CPU
		{0268715A-7586-4495-AC31-7EF6A550EE4B}.Release|Any CPU.Build.0 = Release|Any CPU
	EndGlobalSection
	GlobalSection(SolutionProperties) = preSolution
		HideSolutionNode = FALSE
	EndGlobalSection
	GlobalSection(ExtensibilityGlobals) = postSolution
		SolutionGuid = {73F3AD0C-2AD2-4442-8FF5-80B33C3AA7CC}
	EndGlobalSection
EndGlobal
